
Microsoft Visual Studio Solution File, Format Version 12.00
# Visual Studio Version 16
VisualStudioVersion = 16.0.28803.202
MinimumVisualStudioVersion = 10.0.40219.1
Project("{2150E333-8FDC-42A3-9474-1A3956D46DE8}") = "Solution Items", "Solution Items", "{3C2D706A-590A-4E2B-902D-C4EBA9F78F1A}"
	ProjectSection(SolutionItems) = preProject
		README.md = README.md
	EndProjectSection
EndProject
Project("{2150E333-8FDC-42A3-9474-1A3956D46DE8}") = "Sitecore", "Sitecore", "{4B0FCD1E-9D16-4A7C-A463-25EEEC353FDF}"
EndProject
Project("{2150E333-8FDC-42A3-9474-1A3956D46DE8}") = "Feature", "Feature", "{846EAE40-B352-4A7E-9148-3BB47075E220}"
EndProject
Project("{2150E333-8FDC-42A3-9474-1A3956D46DE8}") = "SitecoreConfigurationOverrideSystem", "SitecoreConfigurationOverrideSystem", "{1542CF2D-008D-4466-8D7B-E569063E2441}"
EndProject
Project("{FAE04EC0-301F-11D3-BF4B-00C04F79EFBC}") = "PING.Feature.SitecoreConfigurationOverrideSystem", "Feature\SitecoreConfigurationOverrideSystem\PING.Feature.SitecoreConfigurationOverrideSystem\PING.Feature.SitecoreConfigurationOverrideSystem.csproj", "{2C50A5CA-81FC-417C-AEE0-692C8AD97D19}"
EndProject
Project("{FAE04EC0-301F-11D3-BF4B-00C04F79EFBC}") = "PING.Feature.SitecoreConfigurationOverrideSystem.Test", "Feature\SitecoreConfigurationOverrideSystem\PING.Feature.SitecoreConfigurationOverrideSystem.Test\PING.Feature.SitecoreConfigurationOverrideSystem.Test.csproj", "{23524934-CBD4-4DE7-A295-C84619CBD332}"
EndProject
Global
	GlobalSection(SolutionConfigurationPlatforms) = preSolution
		Debug|Any CPU = Debug|Any CPU
		Release|Any CPU = Release|Any CPU
	EndGlobalSection
	GlobalSection(ProjectConfigurationPlatforms) = postSolution
		{2C50A5CA-81FC-417C-AEE0-692C8AD97D19}.Debug|Any CPU.ActiveCfg = Debug|Any CPU
		{2C50A5CA-81FC-417C-AEE0-692C8AD97D19}.Debug|Any CPU.Build.0 = Debug|Any CPU
		{2C50A5CA-81FC-417C-AEE0-692C8AD97D19}.Release|Any CPU.ActiveCfg = Release|Any CPU
		{2C50A5CA-81FC-417C-AEE0-692C8AD97D19}.Release|Any CPU.Build.0 = Release|Any CPU
		{23524934-CBD4-4DE7-A295-C84619CBD332}.Debug|Any CPU.ActiveCfg = Debug|Any CPU
		{23524934-CBD4-4DE7-A295-C84619CBD332}.Debug|Any CPU.Build.0 = Debug|Any CPU
		{23524934-CBD4-4DE7-A295-C84619CBD332}.Release|Any CPU.ActiveCfg = Release|Any CPU
		{23524934-CBD4-4DE7-A295-C84619CBD332}.Release|Any CPU.Build.0 = Release|Any CPU
	EndGlobalSection
	GlobalSection(SolutionProperties) = preSolution
		HideSolutionNode = FALSE
	EndGlobalSection
	GlobalSection(NestedProjects) = preSolution
		{846EAE40-B352-4A7E-9148-3BB47075E220} = {4B0FCD1E-9D16-4A7C-A463-25EEEC353FDF}
		{1542CF2D-008D-4466-8D7B-E569063E2441} = {846EAE40-B352-4A7E-9148-3BB47075E220}
		{2C50A5CA-81FC-417C-AEE0-692C8AD97D19} = {1542CF2D-008D-4466-8D7B-E569063E2441}
		{23524934-CBD4-4DE7-A295-C84619CBD332} = {1542CF2D-008D-4466-8D7B-E569063E2441}
	EndGlobalSection
	GlobalSection(ExtensibilityGlobals) = postSolution
		SolutionGuid = {E060217E-3CB6-4E81-9808-08B54E7C83D8}
	EndGlobalSection
EndGlobal
